{
    "_meta": {
        "hash": {
            "sha256": "87e8e0b518614c7ded918bd580bad216cb604e8d246fa0ba24e338677b758064"
        },
        "pipfile-spec": 6,
        "requires": {
            "python_version": "3.6"
        },
        "sources": [
            {
                "name": "pypi",
                "url": "https://pypi.python.org/simple",
                "verify_ssl": true
            }
        ]
    },
    "default": {
        "asn1crypto": {
            "hashes": [
                "sha256:2f1adbb7546ed199e3c90ef23ec95c5cf3585bac7d11fb7eb562a3fe89c64e87",
                "sha256:9d5c20441baf0cb60a4ac34cc447c6c189024b6b4c6cd7877034f4965c464e49"
            ],
            "version": "==0.24.0"
        },
        "atomicwrites": {
            "hashes": [
                "sha256:240831ea22da9ab882b551b31d4225591e5e447a68c5e188db5b89ca1d487585",
                "sha256:a24da68318b08ac9c9c45029f4a10371ab5b20e4226738e150e6e7c571630ae6"
            ],
            "version": "==1.1.5"
        },
        "attrs": {
            "hashes": [
                "sha256:4b90b09eeeb9b88c35bc642cbac057e45a5fd85367b985bd2809c62b7b939265",
                "sha256:e0d0eb91441a3b53dab4d9b743eafc1ac44476296a2053b6ca3af0b139faf87b"
            ],
            "version": "==18.1.0"
        },
        "automat": {
            "hashes": [
                "sha256:2140297df155f7990f6f4c73b2ab0583bd8150db9ed2a1b48122abe66e9908c1",
                "sha256:3c1fd04ecf08ac87b4dd3feae409542e9bf7827257097b2b6ed5692f69d6f6a8"
            ],
            "version": "==0.6.0"
        },
        "blinker": {
            "hashes": [
                "sha256:471aee25f3992bd325afa3772f1063dbdbbca947a041b8b89466dc00d606f8b6"
            ],
            "version": "==1.4"
        },
        "cachetools": {
            "hashes": [
                "sha256:90f1d559512fc073483fe573ef5ceb39bf6ad3d39edc98dc55178a2b2b176fa3",
                "sha256:d1c398969c478d336f767ba02040fa22617333293fb0b8968e79b16028dfee35"
            ],
            "version": "==2.1.0"
        },
        "certifi": {
            "hashes": [
                "sha256:13e698f54293db9f89122b0581843a782ad0934a4fe0172d2a980ba77fc61bb7",
                "sha256:9fa520c1bacfb634fa7af20a76bcbd3d5fb390481724c597da32c719a7dca4b0"
            ],
            "version": "==2018.4.16"
        },
        "cffi": {
            "hashes": [
                "sha256:151b7eefd035c56b2b2e1eb9963c90c6302dc15fbd8c1c0a83a163ff2c7d7743",
                "sha256:1553d1e99f035ace1c0544050622b7bc963374a00c467edafac50ad7bd276aef",
                "sha256:1b0493c091a1898f1136e3f4f991a784437fac3673780ff9de3bcf46c80b6b50",
                "sha256:2ba8a45822b7aee805ab49abfe7eec16b90587f7f26df20c71dd89e45a97076f",
                "sha256:3c85641778460581c42924384f5e68076d724ceac0f267d66c757f7535069c93",
                "sha256:3eb6434197633b7748cea30bf0ba9f66727cdce45117a712b29a443943733257",
                "sha256:4c91af6e967c2015729d3e69c2e51d92f9898c330d6a851bf8f121236f3defd3",
                "sha256:770f3782b31f50b68627e22f91cb182c48c47c02eb405fd689472aa7b7aa16dc",
                "sha256:79f9b6f7c46ae1f8ded75f68cf8ad50e5729ed4d590c74840471fc2823457d04",
                "sha256:7a33145e04d44ce95bcd71e522b478d282ad0eafaf34fe1ec5bbd73e662f22b6",
                "sha256:857959354ae3a6fa3da6651b966d13b0a8bed6bbc87a0de7b38a549db1d2a359",
                "sha256:87f37fe5130574ff76c17cab61e7d2538a16f843bb7bca8ebbc4b12de3078596",
                "sha256:95d5251e4b5ca00061f9d9f3d6fe537247e145a8524ae9fd30a2f8fbce993b5b",
                "sha256:9d1d3e63a4afdc29bd76ce6aa9d58c771cd1599fbba8cf5057e7860b203710dd",
                "sha256:a36c5c154f9d42ec176e6e620cb0dd275744aa1d804786a71ac37dc3661a5e95",
                "sha256:ae5e35a2c189d397b91034642cb0eab0e346f776ec2eb44a49a459e6615d6e2e",
                "sha256:b0f7d4a3df8f06cf49f9f121bead236e328074de6449866515cea4907bbc63d6",
                "sha256:b75110fb114fa366b29a027d0c9be3709579602ae111ff61674d28c93606acca",
                "sha256:ba5e697569f84b13640c9e193170e89c13c6244c24400fc57e88724ef610cd31",
                "sha256:be2a9b390f77fd7676d80bc3cdc4f8edb940d8c198ed2d8c0be1319018c778e1",
                "sha256:d5d8555d9bfc3f02385c1c37e9f998e2011f0db4f90e250e5bc0c0a85a813085",
                "sha256:e55e22ac0a30023426564b1059b035973ec82186ddddbac867078435801c7801",
                "sha256:e90f17980e6ab0f3c2f3730e56d1fe9bcba1891eeea58966e89d352492cc74f4",
                "sha256:ecbb7b01409e9b782df5ded849c178a0aa7c906cf8c5a67368047daab282b184",
                "sha256:ed01918d545a38998bfa5902c7c00e0fee90e957ce036a4000a88e3fe2264917",
                "sha256:edabd457cd23a02965166026fd9bfd196f4324fe6032e866d0f3bd0301cd486f",
                "sha256:fdf1c1dc5bafc32bc5d08b054f94d659422b05aba244d6be4ddc1c72d9aa70fb"
            ],
            "markers": "platform_python_implementation != 'PyPy'",
            "version": "==1.11.5"
        },
        "chardet": {
            "hashes": [
                "sha256:84ab92ed1c4d4f16916e05906b6b75a6c0fb5db821cc65e70cbd64a3e2a5eaae",
                "sha256:fc323ffcaeaed0e0a02bf4d117757b98aed530d9ed4531e3e15460124c106691"
            ],
            "version": "==3.0.4"
        },
        "click": {
            "hashes": [
                "sha256:29f99fc6125fbc931b758dc053b3114e55c77a6e4c6c3a2674a2dc986016381d",
                "sha256:f15516df478d5a56180fbf80e68f206010e6d160fc39fa508b65e035fd75130b"
            ],
            "version": "==6.7"
        },
        "colorama": {
            "hashes": [
                "sha256:463f8483208e921368c9f306094eb6f725c6ca42b0f97e313cb5d5512459feda",
                "sha256:48eb22f4f8461b1df5734a074b57042430fb06e1d61bd1e11b078c0fe6d7a1f1"
            ],
            "markers": "sys_platform == 'win32'",
            "version": "==0.3.9"
        },
        "constantly": {
            "hashes": [
                "sha256:586372eb92059873e29eba4f9dec8381541b4d3834660707faf8ba59146dfc35",
                "sha256:dd2fa9d6b1a51a83f0d7dd76293d734046aa176e384bf6e33b7e44880eb37c5d"
            ],
            "version": "==15.1.0"
        },
        "coverage": {
            "hashes": [
                "sha256:03481e81d558d30d230bc12999e3edffe392d244349a90f4ef9b88425fac74ba",
                "sha256:0b136648de27201056c1869a6c0d4e23f464750fd9a9ba9750b8336a244429ed",
                "sha256:104ab3934abaf5be871a583541e8829d6c19ce7bde2923b2751e0d3ca44db60a",
                "sha256:15b111b6a0f46ee1a485414a52a7ad1d703bdf984e9ed3c288a4414d3871dcbd",
                "sha256:198626739a79b09fa0a2f06e083ffd12eb55449b5f8bfdbeed1df4910b2ca640",
                "sha256:1c383d2ef13ade2acc636556fd544dba6e14fa30755f26812f54300e401f98f2",
                "sha256:28b2191e7283f4f3568962e373b47ef7f0392993bb6660d079c62bd50fe9d162",
                "sha256:2eb564bbf7816a9d68dd3369a510be3327f1c618d2357fa6b1216994c2e3d508",
                "sha256:337ded681dd2ef9ca04ef5d93cfc87e52e09db2594c296b4a0a3662cb1b41249",
                "sha256:3a2184c6d797a125dca8367878d3b9a178b6fdd05fdc2d35d758c3006a1cd694",
                "sha256:3c79a6f7b95751cdebcd9037e4d06f8d5a9b60e4ed0cd231342aa8ad7124882a",
                "sha256:3d72c20bd105022d29b14a7d628462ebdc61de2f303322c0212a054352f3b287",
                "sha256:3eb42bf89a6be7deb64116dd1cc4b08171734d721e7a7e57ad64cc4ef29ed2f1",
                "sha256:4635a184d0bbe537aa185a34193898eee409332a8ccb27eea36f262566585000",
                "sha256:56e448f051a201c5ebbaa86a5efd0ca90d327204d8b059ab25ad0f35fbfd79f1",
                "sha256:5a13ea7911ff5e1796b6d5e4fbbf6952381a611209b736d48e675c2756f3f74e",
                "sha256:69bf008a06b76619d3c3f3b1983f5145c75a305a0fea513aca094cae5c40a8f5",
                "sha256:6bc583dc18d5979dc0f6cec26a8603129de0304d5ae1f17e57a12834e7235062",
                "sha256:701cd6093d63e6b8ad7009d8a92425428bc4d6e7ab8d75efbb665c806c1d79ba",
                "sha256:7608a3dd5d73cb06c531b8925e0ef8d3de31fed2544a7de6c63960a1e73ea4bc",
                "sha256:76ecd006d1d8f739430ec50cc872889af1f9c1b6b8f48e29941814b09b0fd3cc",
                "sha256:7aa36d2b844a3e4a4b356708d79fd2c260281a7390d678a10b91ca595ddc9e99",
                "sha256:7d3f553904b0c5c016d1dad058a7554c7ac4c91a789fca496e7d8347ad040653",
                "sha256:7e1fe19bd6dce69d9fd159d8e4a80a8f52101380d5d3a4d374b6d3eae0e5de9c",
                "sha256:8c3cb8c35ec4d9506979b4cf90ee9918bc2e49f84189d9bf5c36c0c1119c6558",
                "sha256:9d6dd10d49e01571bf6e147d3b505141ffc093a06756c60b053a859cb2128b1f",
                "sha256:9e112fcbe0148a6fa4f0a02e8d58e94470fc6cb82a5481618fea901699bf34c4",
                "sha256:ac4fef68da01116a5c117eba4dd46f2e06847a497de5ed1d64bb99a5fda1ef91",
                "sha256:b8815995e050764c8610dbc82641807d196927c3dbed207f0a079833ffcf588d",
                "sha256:be6cfcd8053d13f5f5eeb284aa8a814220c3da1b0078fa859011c7fffd86dab9",
                "sha256:c1bb572fab8208c400adaf06a8133ac0712179a334c09224fb11393e920abcdd",
                "sha256:de4418dadaa1c01d497e539210cb6baa015965526ff5afc078c57ca69160108d",
                "sha256:e05cb4d9aad6233d67e0541caa7e511fa4047ed7750ec2510d466e806e0255d6",
                "sha256:e4d96c07229f58cb686120f168276e434660e4358cc9cf3b0464210b04913e77",
                "sha256:f3f501f345f24383c0000395b26b726e46758b71393267aeae0bd36f8b3ade80",
                "sha256:f8a923a85cb099422ad5a2e345fe877bbc89a8a8b23235824a93488150e45f6e"
            ],
            "version": "==4.5.1"
        },
        "cryptography": {
            "hashes": [
                "sha256:3f3b65d5a16e6b52fba63dc860b62ca9832f51f1a2ae5083c78b6840275f12dd",
                "sha256:551a3abfe0c8c6833df4192a63371aa2ff43afd8f570ed345d31f251d78e7e04",
                "sha256:5cb990056b7cadcca26813311187ad751ea644712022a3976443691168781b6f",
                "sha256:60bda7f12ecb828358be53095fc9c6edda7de8f1ef571f96c00b2363643fa3cd",
                "sha256:6fef51ec447fe9f8351894024e94736862900d3a9aa2961528e602eb65c92bdb",
                "sha256:77d0ad229d47a6e0272d00f6bf8ac06ce14715a9fd02c9a97f5a2869aab3ccb2",
                "sha256:808fe471b1a6b777f026f7dc7bd9a4959da4bfab64972f2bbe91e22527c1c037",
                "sha256:9b62fb4d18529c84b961efd9187fecbb48e89aa1a0f9f4161c61b7fc42a101bd",
                "sha256:9e5bed45ec6b4f828866ac6a6bedf08388ffcfa68abe9e94b34bb40977aba531",
                "sha256:9fc295bf69130a342e7a19a39d7bbeb15c0bcaabc7382ec33ef3b2b7d18d2f63",
                "sha256:abd070b5849ed64e6d349199bef955ee0ad99aefbad792f0c587f8effa681a5e",
                "sha256:ba6a774749b6e510cffc2fb98535f717e0e5fd91c7c99a61d223293df79ab351",
                "sha256:c332118647f084c983c6a3e1dba0f3bcb051f69d12baccac68db8d62d177eb8a",
                "sha256:d6f46e862ee36df81e6342c2177ba84e70f722d9dc9c6c394f9f1f434c4a5563",
                "sha256:db6013746f73bf8edd9c3d1d3f94db635b9422f503db3fc5ef105233d4c011ab",
                "sha256:f57008eaff597c69cf692c3518f6d4800f0309253bb138b526a37fe9ef0c7471",
                "sha256:f6c821ac253c19f2ad4c8691633ae1d1a17f120d5b01ea1d256d7b602bc59887"
            ],
            "version": "==2.2.2"
        },
        "dill": {
            "hashes": [
                "sha256:97fd758f5fe742d42b11ec8318ecfcff8776bccacbfcec05dfd6276f5d450f73"
            ],
            "version": "==0.2.7.1"
        },
        "flask": {
            "hashes": [
                "sha256:2271c0070dbcb5275fad4a82e29f23ab92682dc45f9dfbc22c02ba9b9322ce48",
                "sha256:a080b744b7e345ccfcbc77954861cb05b3c63786e93f2b3875e0913d44b43f05"
            ],
            "index": "pypi",
            "version": "==1.0.2"
        },
        "flask-script": {
            "hashes": [
                "sha256:6425963d91054cfcc185807141c7314a9c5ad46325911bd24dcb489bd0161c65"
            ],
            "index": "pypi",
            "version": "==2.0.6"
        },
        "future": {
            "hashes": [
                "sha256:e39ced1ab767b5936646cedba8bcce582398233d6a627067d4c6a454c90cfedb"
            ],
            "version": "==0.16.0"
        },
        "gapic-google-cloud-datastore-v1": {
            "hashes": [
                "sha256:d5d0e6f7b4996a8dd5f4f5ad27cd389a5d7bedd07e6e9b9f3a4a3c3ea56d9053"
            ],
            "version": "==0.15.3"
        },
        "gapic-google-cloud-error-reporting-v1beta1": {
            "hashes": [
                "sha256:39f3f8e974441fb57ea98d0be0f4cdedd18cda9a628aec31e1f0841affab6f16"
            ],
            "version": "==0.15.3"
        },
        "gapic-google-cloud-logging-v2": {
            "hashes": [
                "sha256:b0b87bf56c50e4617fb539e5c36f2e286ba87c67a9b1ef5c9ec854d6d7b10023"
            ],
            "version": "==0.91.3"
        },
        "google-api-core": {
            "hashes": [
                "sha256:0144d467083ed54d2e8ccb4212d42c3724fe0b844b7d3a0ff85aea54b7ae8347",
                "sha256:1698e4af4edd2a8ec22d678fd9abe99c926c3a154b2232f32807946ca49e3da1"
            ],
            "version": "==0.1.4"
        },
        "google-auth": {
            "hashes": [
                "sha256:1745c9066f698eac3da99cef082914495fb71bc09597ba7626efbbb64c4acc57",
                "sha256:82a34e1a59ad35f01484d283d2a36b7a24c8c404a03a71b3afddd0a4d31e169f"
            ],
            "version": "==1.5.0"
        },
        "google-cloud": {
            "hashes": [
                "sha256:67494b9754bd0a1e350dd00fe65faf3e0cfc0ae5f60a0dd57a3744d1bc7bb5ba"
            ],
            "index": "pypi",
            "version": "==0.33.1"
        },
        "google-cloud-bigquery": {
            "hashes": [
                "sha256:1c5a42332b43b58d6039fbca697a88c230487212afb6b4a6cbe0d5f3d5685785",
                "sha256:511f27e5e398f8bb4dcad914596e32fe5bcb111257f032d93956a2dcced4a00f"
            ],
            "version": "==0.28.0"
        },
        "google-cloud-bigquery-datatransfer": {
            "hashes": [
                "sha256:c0a290f9456b52c633cf966c73311038eb2d3fd5a61b40059edad966a434e4f9",
                "sha256:f5b5d0de43805fa9ebb620c58e1d27e6d32d2fc8e9a2f954ee170f7a026c8757"
            ],
            "version": "==0.1.1"
        },
        "google-cloud-bigtable": {
            "hashes": [
                "sha256:22c7148dc339be791d2bf4616c87e523507618570356148375c631de412f551b",
                "sha256:7f86d2c8d7f22670da98fd67bcdc17cab793f7400725c8148b05ad829c02b95e"
            ],
            "version": "==0.28.1"
        },
        "google-cloud-container": {
            "hashes": [
                "sha256:275de3032de5696cd976459966e911abd3a1b624c7a918a8137a0308898e4f90",
                "sha256:a89afcb1fe96bc9361c231c223c3bbe19fa3787caeb4697cd5778990e1077270"
            ],
            "version": "==0.1.1"
        },
        "google-cloud-core": {
            "hashes": [
                "sha256:0090df83dbc5cb2405fa90844366d13176d1c0b48181c1807ab15f53be403f73",
                "sha256:89e8140a288acec20c5e56159461d3afa4073570c9758c05d4e6cb7f2f8cc440"
            ],
            "version": "==0.28.1"
        },
        "google-cloud-datastore": {
            "hashes": [
                "sha256:3094b38df19a0a6663b614122d97efcfeab35baf770070e960f6792522307997",
                "sha256:7cc7a48945dd0ec8aea2d8a169f8a3dfd84608392b00b514b4421b5a716b3263"
            ],
            "version": "==1.4.0"
        },
        "google-cloud-dns": {
            "hashes": [
                "sha256:2edcb33ea0025545746962839373ff6d314a5fac779fd7f7ddd0e592196fbb14",
                "sha256:5db79c21a2ee72854609db88d5a4ae897c32bf77bf6b51b3290e013b2db49e07"
            ],
            "version": "==0.28.0"
        },
        "google-cloud-error-reporting": {
            "hashes": [
                "sha256:6398c5963599f834d2ba2effbca4f67dbd21034252d33d0f367d1a7c868cfb98",
                "sha256:d4bdc20b5704afddc12a464622153c250be62a9d38a57d0f9371a0a3f3e43c71"
            ],
            "version": "==0.28.0"
        },
        "google-cloud-firestore": {
            "hashes": [
                "sha256:91b1373faf1c763ce9cda915a82655918035e4d09e8d2399170122f94274c977",
                "sha256:c12fe5a017a56c8d617bdf83ace3970afba886c09fc0d6c0d24f36f8644dc178"
            ],
            "version": "==0.28.0"
        },
        "google-cloud-language": {
            "hashes": [
                "sha256:3db18fe29efdd254ccccf80ba81a0fb1b5febd7d9ece48a0d1f1b29965780008",
                "sha256:ccd6e454367fc15c53e84cb685cdab3352455f35850f618991101d525db36882"
            ],
            "version": "==1.0.2"
        },
        "google-cloud-logging": {
            "hashes": [
                "sha256:81ff672f3b4c6f2a182282aae68f7c3dafbbfc8dc7dcc0db8dc90cd288adc3b8",
                "sha256:a1567aa858fbe223973c698f12198e5828fa66f3d42dac27e81b246ff385cd70"
            ],
            "version": "==1.4.0"
        },
        "google-cloud-monitoring": {
            "hashes": [
                "sha256:534d66d97611c9c6e08823532f5144f6786d3a6103a6d5ed6411ac465faa5341",
                "sha256:c7a336a469cf186e3621fe36bf0e4f291ea43a76b4a532b744a167d756a8170d"
            ],
            "version": "==0.28.1"
        },
        "google-cloud-pubsub": {
            "hashes": [
                "sha256:059dcd1862e07a47920474b0fe38d40508d8c4881929f17696a3aba834b11027",
                "sha256:ff6e74390dfa097e3cee7d5f323aeed37a23dfb1faa762d9efced09f972415a4"
            ],
            "version": "==0.30.1"
        },
        "google-cloud-resource-manager": {
            "hashes": [
                "sha256:ed4eaab40164614db77496986fb2900d93cb1daa7e1a23fd20be7bd46705a8f3",
                "sha256:fc29c11dcbe9208261d377185a1ae5331bab43f2a592222a25c8aca9c8031308"
            ],
            "version": "==0.28.1"
        },
        "google-cloud-runtimeconfig": {
            "hashes": [
                "sha256:095a1dab0d7b8e02dff06bee7844bb283a1c2c6f2e7333eb9896419a30143d82",
                "sha256:f441fbc22e2d0871ecb390854aa352cf467d2751cbc0dac7578274ead813519e"
            ],
            "version": "==0.28.1"
        },
        "google-cloud-spanner": {
            "hashes": [
                "sha256:39707e37e2399df0a6ea7f5b636fc06858359a70af92ac485bbba9bf810a43e7",
                "sha256:bc4c6269b07d0982289d4ecd9b88da943e097ab2104c79ce18e4966766bb877b"
            ],
            "version": "==0.29.0"
        },
        "google-cloud-speech": {
            "hashes": [
                "sha256:76e42ffdea4bb9790cac34d5a4cdb2e2d47a0e254a27dbbaf40fbd10fdb04e31",
                "sha256:ea920710b2fa74175bacc1f90a2eb326038eeaf3ce364c29a40e7eb70c7c7132"
            ],
            "version": "==0.30.0"
        },
        "google-cloud-storage": {
            "hashes": [
                "sha256:5db85fa905f85377c5ea9ea0fb4c5602343d2ecc09395aa2efbf9a21d27233fc",
                "sha256:939266b7d5c6df6d45a1aee2c47a09313f813e87790335f00c57708b49480054"
            ],
            "version": "==1.6.0"
        },
        "google-cloud-trace": {
            "hashes": [
                "sha256:b45bc7934ee459e83f1a4b04ba7a0de1be9fe004bcf494b9ff2f75e18414642c",
                "sha256:c926f55c141caf9fd0e29991caaba03a6364fe997384e2f48c34051f0f690186"
            ],
            "version": "==0.17.0"
        },
        "google-cloud-translate": {
            "hashes": [
                "sha256:4420f5b320145bf097ca9a12b18ec27c067886e2832d181f268c46c3bcb0d2e4",
                "sha256:7706814d8ee1be9668b5c204852d44e7f6c51d44a2822df772b7b2fa3fb7c6bb"
            ],
            "version": "==1.3.1"
        },
        "google-cloud-videointelligence": {
            "hashes": [
                "sha256:5c18e64bf41fc5f8203d3b4f7a88921ff8d6a09b8ce343da866274fa375dcb82",
                "sha256:d46b94f8d37da565a90fb282a4053ee1379b4cbe1e2b51dfef75444fd5422e5d"
            ],
            "version": "==1.0.1"
        },
        "google-cloud-vision": {
            "hashes": [
                "sha256:9442d3456935654920f002efa846271dc68b19f5a0b3e2c314a9edd9f34f30a3",
                "sha256:a4cd3f64ac2c2586a56ea00d27c58306465e3277873cc9bfce3677e9ccb2b039"
            ],
            "version": "==0.29.0"
        },
        "google-gax": {
            "hashes": [
                "sha256:518e8d5eb90774af2041080d242f4bcec4c6e653226c693901eaf82eda8a395c",
                "sha256:bc60cdfed5c657ea8542ba8102fb43862a1c4809d98ca5aa1fcc92f9d4f7403d"
            ],
            "version": "==0.15.16"
        },
        "google-resumable-media": {
            "hashes": [
                "sha256:116de90b9cd483b17c53618ee6a5a20f33e741c648140c8cc9c2141e07616ff1",
                "sha256:97de518f8166d442cc0b61fab308bcd319dbb970981e667ec8ded44f5ce49836"
            ],
            "version": "==0.3.1"
        },
        "googleapis-common-protos": {
            "hashes": [
                "sha256:c075eddaa2628ab519e01b7d75b76e66c40eaa50fc52758d8225f84708950ef2"
            ],
            "version": "==1.5.3"
        },
        "grpc-google-iam-v1": {
            "hashes": [
                "sha256:5009e831dcec22f3ff00e89405249d6a838d1449a46ac8224907aa5b0e0b1aec"
            ],
            "version": "==0.11.4"
        },
        "grpcio": {
            "hashes": [
                "sha256:00d8e7ca0bf3bf56fa6ff86dfb17ee2d5758440bb6eb199bf10b28468f4074f4",
                "sha256:0fce864a23acfb45c310f3a6bd4e100eee4502de766397888ed8770c29859844",
                "sha256:1013fddbcf96a8599b8fc161a8f727f239a47571cb51d182f76916cba73f56c3",
                "sha256:1b0d080dec833dfc6b09917ca13cbf5e515e193338e90c1f6004ca4eb89ed407",
                "sha256:2d2c6108b06581783947ba65b52b9fe24002f72a06e12ff217dcf43dfd781b96",
                "sha256:2dad6be9616c7bcdcce5cf78da7a818db805ad1b4ad15c95fecc7ed88197efdf",
                "sha256:314d6b083372adb179eb82e7b629460414f5327f9d0e9b92880d60d689b8f055",
                "sha256:3c0c102dc32bb7d1c1ba9a8682b34db00d0a46d566f2ff0dacf8e4d981c15081",
                "sha256:4a8097f73fb7eb18671e20375fcc21e9b5bdb7d9e266115d198aa0deb59de227",
                "sha256:5cf44d7609505a8036798589f8b990dd214944fb67aeb2bdefd4c95f8d3b33d2",
                "sha256:668ac2bb6f08982d09decd4429eef452a1a840b00be7a452a1b6304c4932468c",
                "sha256:67712f4ddf5557e5df17a43d597c2447865030d593ecf1c2eb2d4e26afb102f4",
                "sha256:8a66b7cabe186845fb15fbc4ca8ede6b717b3ed896fba24a2984e33a600ec68a",
                "sha256:9af42c8655902af22bd2ec615650c0cbcba8a1caec8dbfb9f743cff9dc8ae9c9",
                "sha256:9b1796fbe03f8a449cafea28d99eed913b65e6c1527476be1011a920bcc38d32",
                "sha256:a7fe71994559b3a83599e95e681b57e35ef970e57e37c04143740bde75dc1172",
                "sha256:bd94538efa7e6be4b37d0136da0abc6c6aad20fd64b9767fc5ad463148d0a81d",
                "sha256:c1433a2b9d51b04069b2ee5710bc06f69b6893e58f997ea5403050962557240f",
                "sha256:d30ed0b6320a6cf7ddf2d8e3a3dd1f88c9a1f27e5ec9a5c9ae9e0d89946bd220",
                "sha256:e1fd1f0782751d281e7d4e67b8d3143f0326cf3a7ab7c7ccf21ee51a152a5c37",
                "sha256:e77a294766a3386dea48dc86029454faedf32bfa8d191b083868946fb07f1c35",
                "sha256:e87393c34532636741e06f39d01ef1df0c7ca751b4aa15d6ac8fb6482484de9f",
                "sha256:ea159ebdb7eca251d6cd1651a8008f6dc5c5de5e439662327aafe280a4e27578",
                "sha256:eb7282b64068c80d40a5ccef42341d910c834c8e2ce867930a3281c4d65c44d6",
                "sha256:f5e3f9c15d8d3e0f0230c13cc189fe43c912085b8c815d51af0006b628957515",
                "sha256:f643eb2c0f468f4828119f225557a2aeaecf43692cb7fcac4f8dbb02ebb388b4",
                "sha256:fd5409f797a01d82e80800d078b6ee43ddae43cf93ad2b30d601e471f08bec96"
            ],
            "version": "==1.12.0"
        },
        "httplib2": {
            "hashes": [
                "sha256:e71daed9a0e6373642db61166fa70beecc9bf04383477f84671348c02a04cbdf"
            ],
            "version": "==0.11.3"
        },
        "hyperlink": {
            "hashes": [
                "sha256:98da4218a56b448c7ec7d2655cb339af1f7d751cf541469bb4fc28c4a4245b34",
                "sha256:f01b4ff744f14bc5d0a22a6b9f1525ab7d6312cb0ff967f59414bbac52f0a306"
            ],
            "version": "==18.0.0"
        },
        "idna": {
            "hashes": [
                "sha256:2c6a5de3089009e3da7c5dde64a141dbc8551d5b7f6cf4ed7c2568d0cc520a8f",
                "sha256:8c7309c718f94b3a625cb648ace320157ad16ff131ae0af362c9f21b80ef6ec4"
            ],
            "version": "==2.6"
        },
        "incremental": {
            "hashes": [
                "sha256:717e12246dddf231a349175f48d74d93e2897244939173b01974ab6661406b9f",
                "sha256:7b751696aaf36eebfab537e458929e194460051ccad279c72b755a167eebd4b3"
            ],
            "version": "==17.5.0"
        },
        "itsdangerous": {
            "hashes": [
                "sha256:cbb3fcf8d3e33df861709ecaf89d9e6629cff0a217bc2848f1b41cd30d360519"
            ],
            "version": "==0.24"
        },
        "jinja2": {
            "hashes": [
                "sha256:74c935a1b8bb9a3947c50a54766a969d4846290e1e788ea44c1392163723c3bd",
                "sha256:f84be1bb0040caca4cea721fcbbbbd61f9be9464ca236387158b0feea01914a4"
            ],
            "version": "==2.10"
        },
        "markupsafe": {
            "hashes": [
                "sha256:a6be69091dac236ea9c6bc7d012beab42010fa914c459791d627dad4910eb665"
            ],
            "version": "==1.0"
        },
        "mock": {
            "hashes": [
                "sha256:5ce3c71c5545b472da17b72268978914d0252980348636840bd34a00b5cc96c1",
                "sha256:b158b6df76edd239b8208d481dc46b6afd45a846b7812ff0ce58971cf5bc8bba"
            ],
            "index": "pypi",
            "version": "==2.0.0"
        },
        "more-itertools": {
            "hashes": [
                "sha256:2b6b9893337bfd9166bee6a62c2b0c9fe7735dcf85948b387ec8cba30e85d8e8",
                "sha256:6703844a52d3588f951883005efcf555e49566a48afd4db4e965d69b883980d3",
                "sha256:a18d870ef2ffca2b8463c0070ad17b5978056f403fb64e3f15fe62a52db21cc0"
            ],
            "version": "==4.2.0"
        },
        "nose": {
            "hashes": [
                "sha256:9ff7c6cc443f8c51994b34a667bbcf45afd6d945be7477b52e97516fd17c53ac",
                "sha256:dadcddc0aefbf99eea214e0f1232b94f2fa9bd98fa8353711dacb112bfcbbb2a",
                "sha256:f1bffef9cbc82628f6e7d7b40d7e255aefaa1adb6a1b1d26c69a8b79e6208a98"
            ],
            "index": "pypi",
            "version": "==1.3.7"
        },
        "numpy": {
            "hashes": [
                "sha256:0074d42e2cc333800bd09996223d40ec52e3b1ec0a5cab05dacc09b662c4c1ae",
                "sha256:034717bfef517858abc79324820a702dc6cd063effb9baab86533e8a78670689",
                "sha256:0db6301324d0568089663ef2701ad90ebac0e975742c97460e89366692bd0563",
                "sha256:1864d005b2eb7598063e35c320787d87730d864f40d6410f768fe4ea20672016",
                "sha256:46ce8323ca9384814c7645298b8b627b7d04ce97d6948ef02da357b2389d6972",
                "sha256:510863d606c932b41d2209e4de6157ab3fdf52001d3e4ad351103176d33c4b8b",
                "sha256:560e23a12e7599be8e8b67621396c5bc687fd54b48b890adbc71bc5a67333f86",
                "sha256:57dc6c22d59054542600fce6fae2d1189b9c50bafc1aab32e55f7efcc84a6c46",
                "sha256:760550fdf9d8ec7da9c4402a4afe6e25c0f184ae132011676298a6b636660b45",
                "sha256:8670067685051b49d1f2f66e396488064299fefca199c7c80b6ba0c639fedc98",
                "sha256:9016692c7d390f9d378fc88b7a799dc9caa7eb938163dda5276d3f3d6f75debf",
                "sha256:98ff275f1b5907490d26b30b6ff111ecf2de0254f0ab08833d8fe61aa2068a00",
                "sha256:9ccf4d5c9139b1e985db915039baa0610a7e4a45090580065f8d8cb801b7422f",
                "sha256:a8dbab311d4259de5eeaa5b4e83f5f8545e4808f9144e84c0f424a6ee55a7b98",
                "sha256:aaef1bea636b6e552bbc5dae0ada87d4f6046359daaa97a05a013b0169620f27",
                "sha256:b8987e30d9a0eb6635df9705a75cf8c4a2835590244baecf210163343bc65176",
                "sha256:c3fe23df6fe0898e788581753da453f877350058c5982e85a8972feeecb15309",
                "sha256:c5eb7254cfc4bd7a4330ad7e1f65b98343836865338c57b0e25c661e41d5cfd9",
                "sha256:c80fcf9b38c7f4df666150069b04abbd2fe42ae640703a6e1f128cda83b552b7",
                "sha256:e33baf50f2f6b7153ddb973601a11df852697fba4c08b34a5e0f39f66f8120e1",
                "sha256:e8578a62a8eaf552b95d62f630bb5dd071243ba1302bbff3e55ac48588508736",
                "sha256:f22b3206f1c561dd9110b93d144c6aaa4a9a354e3b07ad36030df3ea92c5bb5b",
                "sha256:f39afab5769b3aaa786634b94b4a23ef3c150bdda044e8a32a3fc16ddafe803b"
            ],
            "version": "==1.14.3"
        },
        "oauth2client": {
            "hashes": [
                "sha256:5b5b056ec6f2304e7920b632885bd157fa71d1a7f3ddd00a43b1541a8d1a2460"
            ],
            "version": "==3.0.0"
        },
        "pandas": {
            "hashes": [
                "sha256:295cf212054b28f1d111f3ffff932a012601558424ec892f2450d6197f6eeb92",
                "sha256:29960ea1783c59fe86b323799b130592149e0f7bb739149e7fc512b0272d9fc3",
                "sha256:29dde0874d1efb8a346f8d919b0530a9ae788ad1003752376133e38df09e6fcb",
                "sha256:2d6b7b152a6ba44627c60df291f773c4438df01653abcbec7fc556d6039f1705",
                "sha256:5de7275fc7222211dcac603ea81f1e143c45f8ec41d2e21df71aad0c95c1097c",
                "sha256:7261b3567804a70714cc2591e2f7f1e372379db9e140f9d7ffb4b8884eaa48f7",
                "sha256:758b8f6c68bc99b2eb64e57092d3aa07bd68a774e92e7686e473e0d9c86a2309",
                "sha256:835c5a2aeaa3cb5ef2a1d771c75ee3a73d6ad1b82cfc54677c8f863c75fa51bd",
                "sha256:8398d7a47ae667a639ac4ee6724d7ef98602b5ff2b10b5b4d5e6ab45a8d596d2",
                "sha256:84ab1d50590cb2d9554211f164dc1b1a216bc94da2ba922aed2690c83f248fd9",
                "sha256:98054c04318ba46bb81433230c2e5fab6a68df916ccb5355d428907bfb16b257",
                "sha256:9e5ee41d1550ec36093c95e30644e313df4b57c1cdead545754d9c113aecbbb5",
                "sha256:d4495aba61060d87c634fc777ac15aecd1d176987e5ed0585a3ed7e2f4e6c1f7",
                "sha256:d5f72c8239e46cfcc363c7e532a474b7ea3d8892b7b6e5ec0da6b3ebae2a07d3",
                "sha256:d88f484a25ac212fd720b5f9b9686e83f86df2b091b51f4b7b1d9089bd842f79"
            ],
            "index": "pypi",
            "version": "==0.23.0"
        },
        "pbr": {
            "hashes": [
                "sha256:680bf5ba9b28dd56e08eb7c267991a37c7a5f90a92c2e07108829931a50ff80a",
                "sha256:6874feb22334a1e9a515193cba797664e940b763440c88115009ec323a7f2df5"
            ],
            "version": "==4.0.3"
        },
        "pluggy": {
            "hashes": [
                "sha256:7f8ae7f5bdf75671a718d2daf0a64b7885f74510bcd98b1a0bb420eb9a9d0cff",
                "sha256:d345c8fe681115900d6da8d048ba67c25df42973bda370783cd58826442dcd7c",
                "sha256:e160a7fcf25762bb60efc7e171d4497ff1d8d2d75a3d0df7a21b76821ecbf5c5"
            ],
            "version": "==0.6.0"
        },
        "ply": {
            "hashes": [
                "sha256:e7d1bdff026beb159c9942f7a17e102c375638d9478a7ecd4cc0c76afd8de0b8"
            ],
            "version": "==3.8"
        },
        "proto-google-cloud-datastore-v1": {
            "hashes": [
                "sha256:a431bb6a286107900c9ce3c48d316378867293c50a4d8a6c7393264600e916f9"
            ],
            "version": "==0.90.4"
        },
        "proto-google-cloud-error-reporting-v1beta1": {
            "hashes": [
                "sha256:526f49ae84dec16aa4740415c86a919d48206001d116d12df5badc5b2b051b82"
            ],
            "version": "==0.15.3"
        },
        "proto-google-cloud-logging-v2": {
            "hashes": [
                "sha256:e0538745f0f33760ffd5116f33385113835a3b2042a6c914923be0539e5280ce"
            ],
            "version": "==0.91.3"
        },
        "protobuf": {
            "hashes": [
                "sha256:01ccd6d03449ae75b779fb5bf4ed62177d61afe3c5e6465ccf3f8b2e1a84afbe",
                "sha256:1d92cc30b0b46cced33adde5853d920179eb5ea8eecdee9552502a7f29cc3f21",
                "sha256:242e4c7ae565267a8bc8b92d707177f915607ea4bd73244bec6cbf4a49b96661",
                "sha256:3b60685732bd0cbdc802dfcb6071efbcf5d927ce3127c13c33ea1a8efae3aa76",
                "sha256:3f655e1f99c3e14d56ca900af1b9a4715b691319a295cc38939d7f77eabd5e7c",
                "sha256:560a38e692a69957a70ba0e5839aa67430efd63072bf91b0539dac19055694cd",
                "sha256:5c1c8f6a0a68a874e3beff89255959dd80fad45870e96c88944a1b81a22dd5f5",
                "sha256:628a3bf0794a8b3cabb18db11eb67cc10e0cc6e5525d557ae7b682bb73fa2018",
                "sha256:7222d6616108b33ad6cbeff8117062a73c43cdc8fa8f64f6a322ebeb663e710e",
                "sha256:76ef6ca3c50e4cfd044861586d5f1b352e0fe7f17f883df6c165bad5b4d0e10a",
                "sha256:7c193e6964e752bd056735594826c5b03274ceb8f07349d3ae47d9766250ba96",
                "sha256:869e12bcfb5759e683f53ec1dd6155b7be034065431da289f0cb4510040a0799",
                "sha256:905414e5ea6cdb78d8730f66335755152b46685fcb9fc2f2134024e3ea9e8dcc",
                "sha256:ac0067e3c60737865ed72bb7416e02297d229d960902802d874c0e167128c809",
                "sha256:adf716a89c9cc1891ead79a861c427071ef59172f0e11967b00565a9547b3bd0",
                "sha256:bcfa99f5a82f5eaaf6e5cee5bfdca5a1670f5740aec1d93dae170645ed1a16b0",
                "sha256:cc94079ae6cbcea5ae194464a30f3223f075e06a0446f52bca9ddbeb6e9f412a",
                "sha256:d5d9edfdc5a3a01d06062d677b121081629782edf0e05ca1be14f15bb947eeee",
                "sha256:e269ab7a50bf0fa6fe6a88ea7dcc7a1079ae9450d9ab9b7730ac32916d55508b",
                "sha256:e7fd33a3474cbe18fd5b5620784a0fa21fcae3e402b1806e29c6b450c7f61706"
            ],
            "version": "==3.5.2.post1"
        },
        "psutil": {
            "hashes": [
                "sha256:325c334596ad2d8a178d0e7b4eecc91748096a87489b3701ee16986173000aaa",
                "sha256:33384065f0014351fa70187548e3e95952c4df4bc5c38648bd0e647d21eaaf01",
                "sha256:51e12aa74509832443862373a2655052b20c83cad7322f49d217452500b9a405",
                "sha256:52a91ba928a5e86e0249b4932d6e36972a72d1ad8dcc5b7f753a2ae14825a4ba",
                "sha256:99029b6af386b22882f0b6d537ffed5a9c3d5ff31782974aeaa1d683262d8543",
                "sha256:b10703a109cc9225cd588c207f7f93480a420ade35c13515ea8f20063b42a392",
                "sha256:ddba952ed256151844d82fb13c8fb1019fe11ecaeacbd659d67ba5661ae73d0d",
                "sha256:ebe293be36bb24b95cdefc5131635496e88b17fabbcf1e4bc9b5c01f5e489cfe",
                "sha256:f24cd52bafa06917935fe1b68c5a45593abe1f3097dc35b2dfc4718236795890"
            ],
            "version": "==5.4.5"
        },
        "py": {
            "hashes": [
                "sha256:29c9fab495d7528e80ba1e343b958684f4ace687327e6f789a94bf3d1915f881",
                "sha256:983f77f3331356039fdd792e9220b7b8ee1aa6bd2b25f567a963ff1de5a64f6a"
            ],
            "version": "==1.5.3"
        },
        "pyasn1": {
            "hashes": [
                "sha256:2f57960dc7a2820ea5a1782b872d974b639aa3b448ac6628d1ecc5d0fe3986f2",
                "sha256:3651774ca1c9726307560792877db747ba5e8a844ea1a41feb7670b319800ab3",
                "sha256:602fda674355b4701acd7741b2be5ac188056594bf1eecf690816d944e52905e",
                "sha256:8fb265066eac1d3bb5015c6988981b009ccefd294008ff7973ed5f64335b0f2d",
                "sha256:9334cb427609d2b1e195bb1e251f99636f817d7e3e1dffa150cb3365188fb992",
                "sha256:9a15cc13ff6bf5ed29ac936ca941400be050dff19630d6cd1df3fb978ef4c5ad",
                "sha256:a66dcda18dbf6e4663bde70eb30af3fc4fe1acb2d14c4867a861681887a5f9a2",
                "sha256:ba77f1e8d7d58abc42bfeddd217b545fdab4c1eeb50fd37c2219810ad56303bf",
                "sha256:cdc8eb2eaafb56de66786afa6809cd9db2df1b3b595dcb25aa5b9dc61189d40a",
                "sha256:d01fbba900c80b42af5c3fe1a999acf61e27bf0e452e0f1ef4619065e57622da",
                "sha256:f281bf11fe204f05859225ec2e9da7a7c140b65deccd8a4eb0bc75d0bd6949e0",
                "sha256:fb81622d8f3509f0026b0683fe90fea27be7284d3826a5f2edf97f69151ab0fc"
            ],
            "version": "==0.4.3"
        },
        "pyasn1-modules": {
            "hashes": [
                "sha256:041e9fbafac548d095f5b6c3b328b80792f006196e15a232b731a83c93d59493",
                "sha256:0cdca76a68dcb701fff58c397de0ef9922b472b1cb3ea9695ca19d03f1869787",
                "sha256:0cea139045c38f84abaa803bcb4b5e8775ea12a42af10019d942f227acc426c3",
                "sha256:0f2e50d20bc670be170966638fa0ae603f0bc9ed6ebe8e97a6d1d4cef30cc889",
                "sha256:47fb6757ab78fe966e7c58b2030b546854f78416d653163f0ce9290cf2278e8b",
                "sha256:598a6004ec26a8ab40a39ea955068cf2a3949ad9c0030da970f2e1ca4c9f1cc9",
                "sha256:72fd8b0c11191da088147c6e4678ec53e573923ecf60b57eeac9e97433e09fc2",
                "sha256:854700bbdd01394e2ada9c1bfbd0ed9f5d0c551350dbbd023e88b11d2771ae06",
                "sha256:af00ea8f2022b6287dc375b2c70f31ab5af83989fc6fe9eacd4976ce26cd7ccc",
                "sha256:b1f395cae2d669e0830cb023aa86f9f283b7a9aa32317d7f80d8e78aa2745812",
                "sha256:c6747146e95d2b14cc2a8399b2b0bde3f93778f8f9ec704690d2b589c376c137",
                "sha256:f53fe5bcebdf318f51399b250fe8325ef3a26d927f012cc0c8e0f9e9af7f9deb"
            ],
            "version": "==0.2.1"
        },
        "pycodestyle": {
            "hashes": [
                "sha256:74abc4e221d393ea5ce1f129ea6903209940c1ecd29e002e8c6933c2b21026e0",
                "sha256:cbc619d09254895b0d12c2c691e237b2e91e9b2ecf5e84c26b35400f93dcfb83",
                "sha256:cbfca99bd594a10f674d0cd97a3d802a1fdef635d4361e1a2658de47ed261e3a"
            ],
            "index": "pypi",
            "version": "==2.4.0"
        },
        "pycparser": {
            "hashes": [
                "sha256:99a8ca03e29851d96616ad0404b4aad7d9ee16f25c9f9708a11faf2810f7b226"
            ],
            "version": "==2.18"
        },
        "pyopenssl": {
            "hashes": [
                "sha256:26ff56a6b5ecaf3a2a59f132681e2a80afcc76b4f902f612f518f92c2a1bf854",
                "sha256:6488f1423b00f73b7ad5167885312bb0ce410d3312eb212393795b53c8caa580"
            ],
            "version": "==18.0.0"
        },
        "pyreadline": {
            "hashes": [
                "sha256:4530592fc2e85b25b1a9f79664433da09237c1a270e4d78ea5aa3a2c7229e2d1",
                "sha256:65540c21bfe14405a3a77e4c085ecfce88724743a4ead47c66b84defcf82c32e",
                "sha256:9ce5fa65b8992dfa373bddc5b6e0864ead8f291c94fbfec05fbd5c836162e67b"
            ],
            "version": "==2.1"
        },
        "pytest": {
            "hashes": [
                "sha256:39555d023af3200d004d09e51b4dd9fdd828baa863cded3fd6ba2f29f757ae2d",
                "sha256:c76e93f3145a44812955e8d46cdd302d8a45fbfc7bf22be24fe231f9d8d8853a"
            ],
            "index": "pypi",
            "version": "==3.6.0"
        },
        "pytest-cov": {
            "hashes": [
                "sha256:03aa752cf11db41d281ea1d807d954c4eda35cfa1b21d6971966cc041bbf6e2d",
                "sha256:890fe5565400902b0c78b5357004aab1c814115894f4f21370e2433256a3eeec"
            ],
            "index": "pypi",
            "version": "==2.5.1"
        },
        "python-dateutil": {
            "hashes": [
                "sha256:1adb80e7a782c12e52ef9a8182bebeb73f1d7e24e374397af06fb4956c8dc5c0",
                "sha256:e27001de32f627c22380a688bcc43ce83504a7bc5da472209b4c70f02829f0b8"
            ],
            "version": "==2.7.3"
        },
        "python-nginx": {
            "hashes": [
                "sha256:422d7c045fe1dd0700b54b9f470e44a4ded07b88aa9b7d295edd8b98d86bc09c",
                "sha256:f488033299df6691675e548e9474b729f6eeca9bec6bbc0e3663a787594ba12a"
            ],
            "index": "pypi",
            "version": "==1.4.1"
        },
        "pytz": {
            "hashes": [
                "sha256:65ae0c8101309c45772196b21b74c46b2e5d11b6275c45d251b150d5da334555",
                "sha256:c06425302f2cf668f1bba7a0a03f3c1d34d4ebeef2c72003da308b3947c7f749"
            ],
            "version": "==2018.4"
        },
        "raven": {
            "hashes": [
                "sha256:3fd787d19ebb49919268f06f19310e8112d619ef364f7989246fc8753d469888",
                "sha256:95f44f3ea2c1b176d5450df4becdb96c15bf2632888f9ab193e9dd22300ce46a"
            ],
            "index": "pypi",
            "version": "==6.9.0"
        },
        "requests": {
            "hashes": [
                "sha256:6a1b267aa90cac58ac3a765d067950e7dbbf75b1da07e895d1f594193a40a38b",
                "sha256:9c443e7324ba5b85070c4a818ade28bfabedf16ea10206da1132edaa6dda237e"
            ],
            "index": "pypi",
            "version": "==2.18.4"
        },
        "rsa": {
            "hashes": [
                "sha256:25df4e10c263fb88b5ace923dd84bf9aa7f5019687b5e55382ffcdb8bede9db5",
                "sha256:43f682fea81c452c98d09fc316aae12de6d30c4b5c84226642cf8f8fd1c93abd"
            ],
            "version": "==3.4.2"
        },
        "scikit-learn": {
            "hashes": [
                "sha256:13136c6e4f6b808569f7f59299d439b2cd718f85d72ea14b5b6077d44ebc7d17",
                "sha256:370919e3148253fd6552496c33a1e3d78290a336fc8d1b9349d9e9770fae6ec0",
                "sha256:3775cca4ce3f94508bb7c8a6b113044b78c16b0a30a5c169ddeb6b9fe57a8a72",
                "sha256:42f3c5bd893ed73bf47ccccf04dfb98fae743f397d688bb58c2238c0e6ec15d2",
                "sha256:56cfa19c31edf62e6414da0a337efee37a4af488b135640e67238786b9be6ab3",
                "sha256:5c9ff456d67ef9094e5ea272fff2be05d399a47fc30c6c8ed653b94bdf787bd1",
                "sha256:5ca0ad32ee04abe0d4ba02c8d89d501b4e5e0304bdf4d45c2e9875a735b323a0",
                "sha256:5db9e68a384ce80a17fc449d4d5d9b45025fe17cf468429599bf404eccb51049",
                "sha256:6e0899953611d0c47c0d49c5950082ab016b38811fced91cd2dcc889dd94f50a",
                "sha256:72c194c5092e921d6107a8de8a5adae58c35bbc54e030ba624b6f02fd823bb21",
                "sha256:871669cdb5b3481650fe3adff46eb97c455e30ecdc307eaf382ef90d4e2570ab",
                "sha256:873245b03361710f47c5410a050dc56ee8ae97b9f8dcc6e3a81521ca2b64ad10",
                "sha256:8b17fc29554c5c98d88142f895516a5bec2b6b61daa815e1193a64c868ad53d2",
                "sha256:95b155ef6bf829ddfba6026f100ba8e4218b7171ecab97b2163bc9e8d206848f",
                "sha256:a21cf8217e31a9e8e32c559246e05e6909981816152406945ae2e3e244dfcc1f",
                "sha256:a58746d4f389ea7df1d908dba8b52f709835f91c342f459a3ade5424330c69d1",
                "sha256:b2a10e2f9b73de10d8486f7a23549093436062b69139158802910a0f154aa53b",
                "sha256:ba3fd442ae1a46830789b3578867daaf2c8409dcca6bf192e30e85beeabbfc2f",
                "sha256:ce78bf4d10bd7e28807c36c6d2ab25a9934aaf80906ad987622a5e45627d91a2",
                "sha256:d384e6f9a055b7a43492f9d27779adb717eb5dcf78b0603b01d0f070a608d241",
                "sha256:d4da369614e55540c7e830ccdd17ab4fe5412ff8e803a4906d3ece393e2e3a63",
                "sha256:ddc1eb10138ae93c136cc4b5945d3977f302b5d693592a4731b2805a7d7f2a74",
                "sha256:e54a3dd1fe1f8124de90b93c48d120e6da2ea8df29b6895325df01ddc1bd8e26",
                "sha256:ee8c3b1898c728b6e5b5659c233f547700a1fea13ce876b6fe7d3434c70cc0e0",
                "sha256:f528c4b2bba652cf116f5cccf36f4db95a7f9cbfcd1ee549c4e8d0f8628783b5",
                "sha256:f9abae483f4d52acd6f660addb1b67e35dc5748655250af479de2ea6aefc6df0",
                "sha256:fdc39e89bd3466befb76dfc0c258d4ccad159df974954a87de3be5759172a067"
            ],
            "index": "pypi",
            "version": "==0.19.1"
        },
        "scipy": {
            "hashes": [
                "sha256:0611ee97296265af4a21164a5323f8c1b4e8e15c582d3dfa7610825900136bb7",
                "sha256:08237eda23fd8e4e54838258b124f1cd141379a5f281b0a234ca99b38918c07a",
                "sha256:0e645dbfc03f279e1946cf07c9c754c2a1859cb4a41c5f70b25f6b3a586b6dbd",
                "sha256:0e9bb7efe5f051ea7212555b290e784b82f21ffd0f655405ac4f87e288b730b3",
                "sha256:108c16640849e5827e7d51023efb3bd79244098c3f21e4897a1007720cb7ce37",
                "sha256:340ef70f5b0f4e2b4b43c8c8061165911bc6b2ad16f8de85d9774545e2c47463",
                "sha256:3ad73dfc6f82e494195144bd3a129c7241e761179b7cb5c07b9a0ede99c686f3",
                "sha256:3b243c77a822cd034dad53058d7c2abf80062aa6f4a32e9799c95d6391558631",
                "sha256:404a00314e85eca9d46b80929571b938e97a143b4f2ddc2b2b3c91a4c4ead9c5",
                "sha256:423b3ff76957d29d1cce1bc0d62ebaf9a3fdfaf62344e3fdec14619bb7b5ad3a",
                "sha256:698c6409da58686f2df3d6f815491fd5b4c2de6817a45379517c92366eea208f",
                "sha256:729f8f8363d32cebcb946de278324ab43d28096f36593be6281ca1ee86ce6559",
                "sha256:8190770146a4c8ed5d330d5b5ad1c76251c63349d25c96b3094875b930c44692",
                "sha256:878352408424dffaa695ffedf2f9f92844e116686923ed9aa8626fc30d32cfd1",
                "sha256:8f841bbc21d3dad2111a94c490fb0a591b8612ffea86b8e5571746ae76a3deac",
                "sha256:c22b27371b3866c92796e5d7907e914f0e58a36d3222c5d436ddd3f0e354227a",
                "sha256:d0cdd5658b49a722783b8b4f61a6f1f9c75042d0e29a30ccb6cacc9b25f6d9e2",
                "sha256:d8491d4784aceb1f100ddb8e31239c54e4afab8d607928a9f7ef2469ec35ae01",
                "sha256:dfc5080c38dde3f43d8fbb9c0539a7839683475226cf83e4b24363b227dfe552",
                "sha256:e24e22c8d98d3c704bb3410bce9b69e122a8de487ad3dbfe9985d154e5c03a40",
                "sha256:e7a01e53163818d56eabddcafdc2090e9daba178aad05516b20c6591c4811020",
                "sha256:ee677635393414930541a096fc8e61634304bb0153e4e02b75685b11eba14cae",
                "sha256:f0521af1b722265d824d6ad055acfe9bd3341765735c44b5a4d0069e189a0f40"
            ],
            "version": "==1.1.0"
        },
        "service-identity": {
            "hashes": [
                "sha256:0e76f3c042cc0f5c7e6da002cf646f59dc4023962d1d1166343ce53bdad39e17",
                "sha256:4001fbb3da19e0df22c47a06d29681a398473af4aa9d745eca525b3b2c2302ab"
            ],
            "index": "pypi",
            "version": "==17.0.0"
        },
        "simple-salesforce": {
            "hashes": [
                "sha256:60b834cf47505171e5bebfdbfcc0ca9676c960266a913014fa63e5db2e399fdc",
                "sha256:9404c4aa11efd9ea08700a94161ae4f91faa99ae6a6d5a1fe3736fc3b35be831"
            ],
            "index": "pypi",
            "version": "==0.74.2"
        },
        "six": {
            "hashes": [
                "sha256:70e8a77beed4562e7f14fe23a786b54f6296e34344c23bc42f07b15018ff98e9",
                "sha256:832dc0e10feb1aa2c68dcc57dbb658f1c7e65b9b61af69048abc87a2db00a0eb"
            ],
            "version": "==1.11.0"
        },
        "sqlalchemy": {
            "hashes": [
                "sha256:2d5f08f714a886a1382c18be501e614bce50d362384dc089474019ce0768151c"
            ],
            "index": "pypi",
            "version": "==1.2.8"
        },
        "sqlalchemy-bigquery": {
            "hashes": [
                "sha256:00a23947a3782912d91fe614564c29cdba50bbe58d2853ab7b259f7786b65a93"
            ],
            "index": "pypi",
            "version": "==0.0.7"
        },
        "twisted": {
            "hashes": [
                "sha256:3ad1e553c7b66a501abbcf7736620210cc58928730d3e1b905b345fc30043d4b",
                "sha256:a4cc164a781859c74de47f17f0e85f4bce8a3321a9d0892c015c8f80c4158ad9"
            ],
            "index": "pypi",
            "version": "==18.4.0"
        },
        "urllib3": {
            "hashes": [
                "sha256:06330f386d6e4b195fbfc736b297f58c5a892e4440e54d294d7004e3a9bbea1b",
                "sha256:cc44da8e1145637334317feebd728bd869a35285b93cbb4cca2577da7e62db4f"
            ],
            "version": "==1.22"
        },
        "werkzeug": {
            "hashes": [
                "sha256:c3fd7a7d41976d9f44db327260e263132466836cef6f91512889ed60ad26557c",
                "sha256:d5da73735293558eb1651ee2fddc4d0dedcfa06538b8813a2e20011583c9e49b"
            ],
            "version": "==0.14.1"
        },
        "zope.interface": {
            "hashes": [
                "sha256:21506674d30c009271fe68a242d330c83b1b9d76d62d03d87e1e9528c61beea6",
                "sha256:3d184aff0756c44fff7de69eb4cd5b5311b6f452d4de28cb08343b3f21993763",
                "sha256:467d364b24cb398f76ad5e90398d71b9325eb4232be9e8a50d6a3b3c7a1c8789",
                "sha256:57c38470d9f57e37afb460c399eb254e7193ac7fb8042bd09bdc001981a9c74c",
                "sha256:9ada83f4384bbb12dedc152bcdd46a3ac9f5f7720d43ac3ce3e8e8b91d733c10",
                "sha256:a1daf9c5120f3cc6f2b5fef8e1d2a3fb7bbbb20ed4bfdc25bc8364bc62dcf54b",
                "sha256:e6b77ae84f2b8502d99a7855fa33334a1eb6159de45626905cb3e454c023f339",
                "sha256:e881ef610ff48aece2f4ee2af03d2db1a146dc7c705561bd6089b2356f61641f",
                "sha256:f41037260deaacb875db250021fe883bf536bf6414a4fd25b25059b02e31b120"
            ],
            "version": "==4.5.0"
        }
    },
    "develop": {}
}
